// !$*UTF8*$!
{
	archiveVersion = 1;
	classes = {
	};
	objectVersion = 55;
	objects = {

/* Begin PBXBuildFile section */
		188C60BF27BFE39D00A9B5FA /* RecordsTableViewCell.swift in Sources */ = {isa = PBXBuildFile; fileRef = 188C60BE27BFE39D00A9B5FA /* RecordsTableViewCell.swift */; };
		188C60C127BFE63E00A9B5FA /* record.swift in Sources */ = {isa = PBXBuildFile; fileRef = 188C60C027BFE63E00A9B5FA /* record.swift */; };
		188C60C327C017C300A9B5FA /* TestTableViewCell.swift in Sources */ = {isa = PBXBuildFile; fileRef = 188C60C227C017C200A9B5FA /* TestTableViewCell.swift */; };
		188C60C927C2C75000A9B5FA /* GoogleService-Info.plist in Resources */ = {isa = PBXBuildFile; fileRef = 188C60C827C2C75000A9B5FA /* GoogleService-Info.plist */; };
		188C60CB27C3C51F00A9B5FA /* DatabaseManager.swift in Sources */ = {isa = PBXBuildFile; fileRef = 188C60CA27C3C51F00A9B5FA /* DatabaseManager.swift */; };
		1892A9A127B7DC7100C5C0E9 /* AppDelegate.swift in Sources */ = {isa = PBXBuildFile; fileRef = 1892A9A027B7DC7100C5C0E9 /* AppDelegate.swift */; };
		1892A9A327B7DC7100C5C0E9 /* SceneDelegate.swift in Sources */ = {isa = PBXBuildFile; fileRef = 1892A9A227B7DC7100C5C0E9 /* SceneDelegate.swift */; };
		1892A9A527B7DC7100C5C0E9 /* ViewController.swift in Sources */ = {isa = PBXBuildFile; fileRef = 1892A9A427B7DC7100C5C0E9 /* ViewController.swift */; };
		1892A9A827B7DC7100C5C0E9 /* Main.storyboard in Resources */ = {isa = PBXBuildFile; fileRef = 1892A9A627B7DC7100C5C0E9 /* Main.storyboard */; };
		1892A9AA27B7DC7400C5C0E9 /* Assets.xcassets in Resources */ = {isa = PBXBuildFile; fileRef = 1892A9A927B7DC7400C5C0E9 /* Assets.xcassets */; };
		1892A9AD27B7DC7400C5C0E9 /* LaunchScreen.storyboard in Resources */ = {isa = PBXBuildFile; fileRef = 1892A9AB27B7DC7400C5C0E9 /* LaunchScreen.storyboard */; };
		1892A9B627B7EF2100C5C0E9 /* ProfileSettingsViewController.swift in Sources */ = {isa = PBXBuildFile; fileRef = 1892A9B527B7EF2100C5C0E9 /* ProfileSettingsViewController.swift */; };
		1892A9B827B7EF6C00C5C0E9 /* CalendarViewController.swift in Sources */ = {isa = PBXBuildFile; fileRef = 1892A9B727B7EF6C00C5C0E9 /* CalendarViewController.swift */; };
		1892A9BA27B7EF8800C5C0E9 /* NotificationsViewController.swift in Sources */ = {isa = PBXBuildFile; fileRef = 1892A9B927B7EF8800C5C0E9 /* NotificationsViewController.swift */; };
		1892A9BC27B7F0CC00C5C0E9 /* HomeViewController.swift in Sources */ = {isa = PBXBuildFile; fileRef = 1892A9BB27B7F0CC00C5C0E9 /* HomeViewController.swift */; };
		1892A9BE27B7F10500C5C0E9 /* MotivationViewController.swift in Sources */ = {isa = PBXBuildFile; fileRef = 1892A9BD27B7F10500C5C0E9 /* MotivationViewController.swift */; };
		1892A9C027B7F1AB00C5C0E9 /* LogViewController.swift in Sources */ = {isa = PBXBuildFile; fileRef = 1892A9BF27B7F1AB00C5C0E9 /* LogViewController.swift */; };
		1892A9C227B7F20800C5C0E9 /* RecordsViewController.swift in Sources */ = {isa = PBXBuildFile; fileRef = 1892A9C127B7F20800C5C0E9 /* RecordsViewController.swift */; };
		1892A9C427B7F22A00C5C0E9 /* AwardsViewController.swift in Sources */ = {isa = PBXBuildFile; fileRef = 1892A9C327B7F22A00C5C0E9 /* AwardsViewController.swift */; };
		1892A9C627B83CD900C5C0E9 /* AwardCollectionViewCell.swift in Sources */ = {isa = PBXBuildFile; fileRef = 1892A9C527B83CD900C5C0E9 /* AwardCollectionViewCell.swift */; };
		1892A9C927B8400900C5C0E9 /* award.swift in Sources */ = {isa = PBXBuildFile; fileRef = 1892A9C827B8400900C5C0E9 /* award.swift */; };
		1892A9CC27B92E9B00C5C0E9 /* notification.swift in Sources */ = {isa = PBXBuildFile; fileRef = 1892A9CB27B92E9B00C5C0E9 /* notification.swift */; };
		1892A9D327B97A5300C5C0E9 /* SettingTableViewCell.swift in Sources */ = {isa = PBXBuildFile; fileRef = 1892A9D227B97A5300C5C0E9 /* SettingTableViewCell.swift */; };
		1892A9D827B9AFA500C5C0E9 /* AlertMessage.swift in Sources */ = {isa = PBXBuildFile; fileRef = 1892A9D727B9AFA500C5C0E9 /* AlertMessage.swift */; };
		1892A9DA27BA922B00C5C0E9 /* AccountSettingViewController.swift in Sources */ = {isa = PBXBuildFile; fileRef = 1892A9D927BA922A00C5C0E9 /* AccountSettingViewController.swift */; };
		1892A9DE27BAB1C000C5C0E9 /* PdfViewController.swift in Sources */ = {isa = PBXBuildFile; fileRef = 1892A9DD27BAB1BF00C5C0E9 /* PdfViewController.swift */; };
		1892A9E027BAB23C00C5C0E9 /* RemindersViewController.swift in Sources */ = {isa = PBXBuildFile; fileRef = 1892A9DF27BAB23C00C5C0E9 /* RemindersViewController.swift */; };
		1892A9E327BABA7100C5C0E9 /* AvatarCollectionViewCell.swift in Sources */ = {isa = PBXBuildFile; fileRef = 1892A9E227BABA7100C5C0E9 /* AvatarCollectionViewCell.swift */; };
		1892A9E527BAC12B00C5C0E9 /* AvatarViewController.swift in Sources */ = {isa = PBXBuildFile; fileRef = 1892A9E427BAC12B00C5C0E9 /* AvatarViewController.swift */; };
		18A3539927CA995E00B112C3 /* User.swift in Sources */ = {isa = PBXBuildFile; fileRef = 18A3539827CA995E00B112C3 /* User.swift */; };
		18A353A027CD607C00B112C3 /* L1M1ViewController.swift in Sources */ = {isa = PBXBuildFile; fileRef = 18A3539F27CD607C00B112C3 /* L1M1ViewController.swift */; };
		18A353A427CD6B7B00B112C3 /* L1M2ViewController.swift in Sources */ = {isa = PBXBuildFile; fileRef = 18A353A327CD6B7B00B112C3 /* L1M2ViewController.swift */; };
		18C1618F27CD7C8100A0E1A7 /* L1M3ViewController.swift in Sources */ = {isa = PBXBuildFile; fileRef = 18C1618E27CD7C8100A0E1A7 /* L1M3ViewController.swift */; };
		18C1619127CD7C9E00A0E1A7 /* L1M4ViewController.swift in Sources */ = {isa = PBXBuildFile; fileRef = 18C1619027CD7C9E00A0E1A7 /* L1M4ViewController.swift */; };
		18C1619327CD7CE300A0E1A7 /* L1M5ViewController.swift in Sources */ = {isa = PBXBuildFile; fileRef = 18C1619227CD7CE300A0E1A7 /* L1M5ViewController.swift */; };
		18F73FB027BAE82600520F17 /* ModuleGuideCollectionViewCell.swift in Sources */ = {isa = PBXBuildFile; fileRef = 18F73FAF27BAE82600520F17 /* ModuleGuideCollectionViewCell.swift */; };
		18F73FB227BAEAF500520F17 /* homeModuleGuide.swift in Sources */ = {isa = PBXBuildFile; fileRef = 18F73FB127BAEAF500520F17 /* homeModuleGuide.swift */; };
		18F73FB727BC6CBB00520F17 /* foodCollections.swift in Sources */ = {isa = PBXBuildFile; fileRef = 18F73FB627BC6CBB00520F17 /* foodCollections.swift */; };
		18F73FBB27BC703B00520F17 /* LogCollectionViewCell.swift in Sources */ = {isa = PBXBuildFile; fileRef = 18F73FBA27BC703B00520F17 /* LogCollectionViewCell.swift */; };
		18F73FBD27BC7FBC00520F17 /* BreakfastCollectionViewCell.swift in Sources */ = {isa = PBXBuildFile; fileRef = 18F73FBC27BC7FBC00520F17 /* BreakfastCollectionViewCell.swift */; };
		18F73FBF27BD7A3F00520F17 /* LunchCollectionViewCell.swift in Sources */ = {isa = PBXBuildFile; fileRef = 18F73FBE27BD7A3F00520F17 /* LunchCollectionViewCell.swift */; };
		18F73FC127BD7ABB00520F17 /* SnackCollectionViewCell.swift in Sources */ = {isa = PBXBuildFile; fileRef = 18F73FC027BD7ABB00520F17 /* SnackCollectionViewCell.swift */; };
		18F73FC327BD7AEC00520F17 /* TreatsCollectionViewCell.swift in Sources */ = {isa = PBXBuildFile; fileRef = 18F73FC227BD7AEC00520F17 /* TreatsCollectionViewCell.swift */; };
		18F73FC527BD7B2200520F17 /* DrinksCollectionViewCell.swift in Sources */ = {isa = PBXBuildFile; fileRef = 18F73FC427BD7B2200520F17 /* DrinksCollectionViewCell.swift */; };
		18F73FC727BD7B5F00520F17 /* PlacesCollectionViewCell.swift in Sources */ = {isa = PBXBuildFile; fileRef = 18F73FC627BD7B5F00520F17 /* PlacesCollectionViewCell.swift */; };
		18F73FC927BD7BC600520F17 /* MoodsCollectionViewCell.swift in Sources */ = {isa = PBXBuildFile; fileRef = 18F73FC827BD7BC600520F17 /* MoodsCollectionViewCell.swift */; };
		18F73FCB27BD7C1700520F17 /* ReactionsCollectionViewCell.swift in Sources */ = {isa = PBXBuildFile; fileRef = 18F73FCA27BD7C1700520F17 /* ReactionsCollectionViewCell.swift */; };
		A27251E1B7EC9AABACBA2FA6 /* Pods_Eddie_1_3.framework in Frameworks */ = {isa = PBXBuildFile; fileRef = 07BCA2922AC513AC35E85104 /* Pods_Eddie_1_3.framework */; };
/* End PBXBuildFile section */

/* Begin PBXFileReference section */
		07BCA2922AC513AC35E85104 /* Pods_Eddie_1_3.framework */ = {isa = PBXFileReference; explicitFileType = wrapper.framework; includeInIndex = 0; path = Pods_Eddie_1_3.framework; sourceTree = BUILT_PRODUCTS_DIR; };
		188C60BE27BFE39D00A9B5FA /* RecordsTableViewCell.swift */ = {isa = PBXFileReference; lastKnownFileType = sourcecode.swift; path = RecordsTableViewCell.swift; sourceTree = "<group>"; };
		188C60C027BFE63E00A9B5FA /* record.swift */ = {isa = PBXFileReference; lastKnownFileType = sourcecode.swift; path = record.swift; sourceTree = "<group>"; };
		188C60C227C017C200A9B5FA /* TestTableViewCell.swift */ = {isa = PBXFileReference; lastKnownFileType = sourcecode.swift; path = TestTableViewCell.swift; sourceTree = "<group>"; };
		188C60C827C2C75000A9B5FA /* GoogleService-Info.plist */ = {isa = PBXFileReference; fileEncoding = 4; lastKnownFileType = text.plist.xml; name = "GoogleService-Info.plist"; path = "../../../../../Downloads/GoogleService-Info.plist"; sourceTree = "<group>"; };
		188C60CA27C3C51F00A9B5FA /* DatabaseManager.swift */ = {isa = PBXFileReference; lastKnownFileType = sourcecode.swift; path = DatabaseManager.swift; sourceTree = "<group>"; };
		1892A99D27B7DC7100C5C0E9 /* Eddie 1.3.app */ = {isa = PBXFileReference; explicitFileType = wrapper.application; includeInIndex = 0; path = "Eddie 1.3.app"; sourceTree = BUILT_PRODUCTS_DIR; };
		1892A9A027B7DC7100C5C0E9 /* AppDelegate.swift */ = {isa = PBXFileReference; lastKnownFileType = sourcecode.swift; path = AppDelegate.swift; sourceTree = "<group>"; };
		1892A9A227B7DC7100C5C0E9 /* SceneDelegate.swift */ = {isa = PBXFileReference; lastKnownFileType = sourcecode.swift; path = SceneDelegate.swift; sourceTree = "<group>"; };
		1892A9A427B7DC7100C5C0E9 /* ViewController.swift */ = {isa = PBXFileReference; lastKnownFileType = sourcecode.swift; path = ViewController.swift; sourceTree = "<group>"; };
		1892A9A727B7DC7100C5C0E9 /* Base */ = {isa = PBXFileReference; lastKnownFileType = file.storyboard; name = Base; path = Base.lproj/Main.storyboard; sourceTree = "<group>"; };
		1892A9A927B7DC7400C5C0E9 /* Assets.xcassets */ = {isa = PBXFileReference; lastKnownFileType = folder.assetcatalog; path = Assets.xcassets; sourceTree = "<group>"; };
		1892A9AC27B7DC7400C5C0E9 /* Base */ = {isa = PBXFileReference; lastKnownFileType = file.storyboard; name = Base; path = Base.lproj/LaunchScreen.storyboard; sourceTree = "<group>"; };
		1892A9AE27B7DC7400C5C0E9 /* Info.plist */ = {isa = PBXFileReference; lastKnownFileType = text.plist.xml; path = Info.plist; sourceTree = "<group>"; };
		1892A9B527B7EF2100C5C0E9 /* ProfileSettingsViewController.swift */ = {isa = PBXFileReference; lastKnownFileType = sourcecode.swift; path = ProfileSettingsViewController.swift; sourceTree = "<group>"; };
		1892A9B727B7EF6C00C5C0E9 /* CalendarViewController.swift */ = {isa = PBXFileReference; lastKnownFileType = sourcecode.swift; path = CalendarViewController.swift; sourceTree = "<group>"; };
		1892A9B927B7EF8800C5C0E9 /* NotificationsViewController.swift */ = {isa = PBXFileReference; lastKnownFileType = sourcecode.swift; path = NotificationsViewController.swift; sourceTree = "<group>"; };
		1892A9BB27B7F0CC00C5C0E9 /* HomeViewController.swift */ = {isa = PBXFileReference; lastKnownFileType = sourcecode.swift; path = HomeViewController.swift; sourceTree = "<group>"; };
		1892A9BD27B7F10500C5C0E9 /* MotivationViewController.swift */ = {isa = PBXFileReference; lastKnownFileType = sourcecode.swift; path = MotivationViewController.swift; sourceTree = "<group>"; };
		1892A9BF27B7F1AB00C5C0E9 /* LogViewController.swift */ = {isa = PBXFileReference; lastKnownFileType = sourcecode.swift; path = LogViewController.swift; sourceTree = "<group>"; };
		1892A9C127B7F20800C5C0E9 /* RecordsViewController.swift */ = {isa = PBXFileReference; lastKnownFileType = sourcecode.swift; path = RecordsViewController.swift; sourceTree = "<group>"; };
		1892A9C327B7F22A00C5C0E9 /* AwardsViewController.swift */ = {isa = PBXFileReference; lastKnownFileType = sourcecode.swift; path = AwardsViewController.swift; sourceTree = "<group>"; };
		1892A9C527B83CD900C5C0E9 /* AwardCollectionViewCell.swift */ = {isa = PBXFileReference; lastKnownFileType = sourcecode.swift; path = AwardCollectionViewCell.swift; sourceTree = "<group>"; };
		1892A9C827B8400900C5C0E9 /* award.swift */ = {isa = PBXFileReference; lastKnownFileType = sourcecode.swift; path = award.swift; sourceTree = "<group>"; };
		1892A9CB27B92E9B00C5C0E9 /* notification.swift */ = {isa = PBXFileReference; lastKnownFileType = sourcecode.swift; path = notification.swift; sourceTree = "<group>"; };
		1892A9D227B97A5300C5C0E9 /* SettingTableViewCell.swift */ = {isa = PBXFileReference; lastKnownFileType = sourcecode.swift; path = SettingTableViewCell.swift; sourceTree = "<group>"; };
		1892A9D727B9AFA500C5C0E9 /* AlertMessage.swift */ = {isa = PBXFileReference; lastKnownFileType = sourcecode.swift; path = AlertMessage.swift; sourceTree = "<group>"; };
		1892A9D927BA922A00C5C0E9 /* AccountSettingViewController.swift */ = {isa = PBXFileReference; lastKnownFileType = sourcecode.swift; path = AccountSettingViewController.swift; sourceTree = "<group>"; };
		1892A9DD27BAB1BF00C5C0E9 /* PdfViewController.swift */ = {isa = PBXFileReference; lastKnownFileType = sourcecode.swift; path = PdfViewController.swift; sourceTree = "<group>"; };
		1892A9DF27BAB23C00C5C0E9 /* RemindersViewController.swift */ = {isa = PBXFileReference; lastKnownFileType = sourcecode.swift; path = RemindersViewController.swift; sourceTree = "<group>"; };
		1892A9E227BABA7100C5C0E9 /* AvatarCollectionViewCell.swift */ = {isa = PBXFileReference; lastKnownFileType = sourcecode.swift; path = AvatarCollectionViewCell.swift; sourceTree = "<group>"; };
		1892A9E427BAC12B00C5C0E9 /* AvatarViewController.swift */ = {isa = PBXFileReference; lastKnownFileType = sourcecode.swift; path = AvatarViewController.swift; sourceTree = "<group>"; };
		18A3539827CA995E00B112C3 /* User.swift */ = {isa = PBXFileReference; lastKnownFileType = sourcecode.swift; path = User.swift; sourceTree = "<group>"; };
		18A3539F27CD607C00B112C3 /* L1M1ViewController.swift */ = {isa = PBXFileReference; lastKnownFileType = sourcecode.swift; path = L1M1ViewController.swift; sourceTree = "<group>"; };
		18A353A327CD6B7B00B112C3 /* L1M2ViewController.swift */ = {isa = PBXFileReference; lastKnownFileType = sourcecode.swift; path = L1M2ViewController.swift; sourceTree = "<group>"; };
		18C1618E27CD7C8100A0E1A7 /* L1M3ViewController.swift */ = {isa = PBXFileReference; lastKnownFileType = sourcecode.swift; path = L1M3ViewController.swift; sourceTree = "<group>"; };
		18C1619027CD7C9E00A0E1A7 /* L1M4ViewController.swift */ = {isa = PBXFileReference; lastKnownFileType = sourcecode.swift; path = L1M4ViewController.swift; sourceTree = "<group>"; };
		18C1619227CD7CE300A0E1A7 /* L1M5ViewController.swift */ = {isa = PBXFileReference; lastKnownFileType = sourcecode.swift; path = L1M5ViewController.swift; sourceTree = "<group>"; };
		18F73FAF27BAE82600520F17 /* ModuleGuideCollectionViewCell.swift */ = {isa = PBXFileReference; lastKnownFileType = sourcecode.swift; path = ModuleGuideCollectionViewCell.swift; sourceTree = "<group>"; };
		18F73FB127BAEAF500520F17 /* homeModuleGuide.swift */ = {isa = PBXFileReference; lastKnownFileType = sourcecode.swift; path = homeModuleGuide.swift; sourceTree = "<group>"; };
		18F73FB627BC6CBB00520F17 /* foodCollections.swift */ = {isa = PBXFileReference; lastKnownFileType = sourcecode.swift; path = foodCollections.swift; sourceTree = "<group>"; };
		18F73FBA27BC703B00520F17 /* LogCollectionViewCell.swift */ = {isa = PBXFileReference; lastKnownFileType = sourcecode.swift; path = LogCollectionViewCell.swift; sourceTree = "<group>"; };
		18F73FBC27BC7FBC00520F17 /* BreakfastCollectionViewCell.swift */ = {isa = PBXFileReference; lastKnownFileType = sourcecode.swift; path = BreakfastCollectionViewCell.swift; sourceTree = "<group>"; };
		18F73FBE27BD7A3F00520F17 /* LunchCollectionViewCell.swift */ = {isa = PBXFileReference; lastKnownFileType = sourcecode.swift; path = LunchCollectionViewCell.swift; sourceTree = "<group>"; };
		18F73FC027BD7ABB00520F17 /* SnackCollectionViewCell.swift */ = {isa = PBXFileReference; lastKnownFileType = sourcecode.swift; name = SnackCollectionViewCell.swift; path = "Eddie 1.3/SnackCollectionViewCell.swift"; sourceTree = SOURCE_ROOT; };
		18F73FC227BD7AEC00520F17 /* TreatsCollectionViewCell.swift */ = {isa = PBXFileReference; lastKnownFileType = sourcecode.swift; name = TreatsCollectionViewCell.swift; path = "Eddie 1.3/TreatsCollectionViewCell.swift"; sourceTree = SOURCE_ROOT; };
		18F73FC427BD7B2200520F17 /* DrinksCollectionViewCell.swift */ = {isa = PBXFileReference; lastKnownFileType = sourcecode.swift; path = DrinksCollectionViewCell.swift; sourceTree = "<group>"; };
		18F73FC627BD7B5F00520F17 /* PlacesCollectionViewCell.swift */ = {isa = PBXFileReference; lastKnownFileType = sourcecode.swift; name = PlacesCollectionViewCell.swift; path = "Eddie 1.3/PlacesCollectionViewCell.swift"; sourceTree = SOURCE_ROOT; };
		18F73FC827BD7BC600520F17 /* MoodsCollectionViewCell.swift */ = {isa = PBXFileReference; lastKnownFileType = sourcecode.swift; name = MoodsCollectionViewCell.swift; path = "Eddie 1.3/MoodsCollectionViewCell.swift"; sourceTree = SOURCE_ROOT; };
		18F73FCA27BD7C1700520F17 /* ReactionsCollectionViewCell.swift */ = {isa = PBXFileReference; lastKnownFileType = sourcecode.swift; name = ReactionsCollectionViewCell.swift; path = "Eddie 1.3/ReactionsCollectionViewCell.swift"; sourceTree = SOURCE_ROOT; };
		23DC295332CB72EC10252FBD /* Pods-Eddie 1.3.release.xcconfig */ = {isa = PBXFileReference; includeInIndex = 1; lastKnownFileType = text.xcconfig; name = "Pods-Eddie 1.3.release.xcconfig"; path = "Target Support Files/Pods-Eddie 1.3/Pods-Eddie 1.3.release.xcconfig"; sourceTree = "<group>"; };
		C0B9481E3FBCF17787F7BB89 /* Pods-Eddie 1.3.debug.xcconfig */ = {isa = PBXFileReference; includeInIndex = 1; lastKnownFileType = text.xcconfig; name = "Pods-Eddie 1.3.debug.xcconfig"; path = "Target Support Files/Pods-Eddie 1.3/Pods-Eddie 1.3.debug.xcconfig"; sourceTree = "<group>"; };
/* End PBXFileReference section */

/* Begin PBXFrameworksBuildPhase section */
		1892A99A27B7DC7100C5C0E9 /* Frameworks */ = {
			isa = PBXFrameworksBuildPhase;
			buildActionMask = 2147483647;
			files = (
				A27251E1B7EC9AABACBA2FA6 /* Pods_Eddie_1_3.framework in Frameworks */,
			);
			runOnlyForDeploymentPostprocessing = 0;
		};
/* End PBXFrameworksBuildPhase section */

/* Begin PBXGroup section */
		188C60BD27BFE37E00A9B5FA /* Records */ = {
			isa = PBXGroup;
			children = (
				1892A9C127B7F20800C5C0E9 /* RecordsViewController.swift */,
				188C60BE27BFE39D00A9B5FA /* RecordsTableViewCell.swift */,
				188C60C227C017C200A9B5FA /* TestTableViewCell.swift */,
			);
			path = Records;
			sourceTree = "<group>";
		};
		1892A99427B7DC7100C5C0E9 = {
			isa = PBXGroup;
			children = (
				1892A99F27B7DC7100C5C0E9 /* Eddie 1.3 */,
				1892A99E27B7DC7100C5C0E9 /* Products */,
				66EF32A6C405D943A45C3DDB /* Pods */,
				A323F9B612D3980BF785975B /* Frameworks */,
			);
			sourceTree = "<group>";
		};
		1892A99E27B7DC7100C5C0E9 /* Products */ = {
			isa = PBXGroup;
			children = (
				1892A99D27B7DC7100C5C0E9 /* Eddie 1.3.app */,
			);
			name = Products;
			sourceTree = "<group>";
		};
		1892A99F27B7DC7100C5C0E9 /* Eddie 1.3 */ = {
			isa = PBXGroup;
			children = (
				1892A9D627B9AF8500C5C0E9 /* Controller */,
				1892A9A027B7DC7100C5C0E9 /* AppDelegate.swift */,
				1892A9A227B7DC7100C5C0E9 /* SceneDelegate.swift */,
				1892A9C727B83FF100C5C0E9 /* Model */,
				1892A9B427B7EE4800C5C0E9 /* Views */,
				1892A9A627B7DC7100C5C0E9 /* Main.storyboard */,
				1892A9A927B7DC7400C5C0E9 /* Assets.xcassets */,
				1892A9AB27B7DC7400C5C0E9 /* LaunchScreen.storyboard */,
				188C60C827C2C75000A9B5FA /* GoogleService-Info.plist */,
				1892A9AE27B7DC7400C5C0E9 /* Info.plist */,
			);
			path = "Eddie 1.3";
			sourceTree = "<group>";
		};
		1892A9B427B7EE4800C5C0E9 /* Views */ = {
			isa = PBXGroup;
			children = (
				18A3539E27CD605B00B112C3 /* Level1 */,
				188C60BD27BFE37E00A9B5FA /* Records */,
				18F73FB527BC6B6E00520F17 /* LogRecordsView */,
				18F73FAE27BAE7D600520F17 /* HomeScreenViews */,
				1892A9D127B97A2500C5C0E9 /* ProfileSettingsViews */,
				1892A9CA27B847D100C5C0E9 /* AwardViews */,
				1892A9A427B7DC7100C5C0E9 /* ViewController.swift */,
				1892A9B727B7EF6C00C5C0E9 /* CalendarViewController.swift */,
				1892A9B927B7EF8800C5C0E9 /* NotificationsViewController.swift */,
				1892A9BD27B7F10500C5C0E9 /* MotivationViewController.swift */,
			);
			path = Views;
			sourceTree = "<group>";
		};
		1892A9C727B83FF100C5C0E9 /* Model */ = {
			isa = PBXGroup;
			children = (
				1892A9C827B8400900C5C0E9 /* award.swift */,
				18F73FB627BC6CBB00520F17 /* foodCollections.swift */,
				1892A9CB27B92E9B00C5C0E9 /* notification.swift */,
				18F73FB127BAEAF500520F17 /* homeModuleGuide.swift */,
				188C60C027BFE63E00A9B5FA /* record.swift */,
				188C60CA27C3C51F00A9B5FA /* DatabaseManager.swift */,
				18A3539827CA995E00B112C3 /* User.swift */,
			);
			path = Model;
			sourceTree = "<group>";
		};
		1892A9CA27B847D100C5C0E9 /* AwardViews */ = {
			isa = PBXGroup;
			children = (
				1892A9C327B7F22A00C5C0E9 /* AwardsViewController.swift */,
				1892A9C527B83CD900C5C0E9 /* AwardCollectionViewCell.swift */,
			);
			path = AwardViews;
			sourceTree = "<group>";
		};
		1892A9D127B97A2500C5C0E9 /* ProfileSettingsViews */ = {
			isa = PBXGroup;
			children = (
				1892A9E127BABA1900C5C0E9 /* AvatarViews */,
				1892A9DD27BAB1BF00C5C0E9 /* PdfViewController.swift */,
				1892A9DF27BAB23C00C5C0E9 /* RemindersViewController.swift */,
				1892A9D927BA922A00C5C0E9 /* AccountSettingViewController.swift */,
				1892A9B527B7EF2100C5C0E9 /* ProfileSettingsViewController.swift */,
				1892A9D227B97A5300C5C0E9 /* SettingTableViewCell.swift */,
			);
			path = ProfileSettingsViews;
			sourceTree = "<group>";
		};
		1892A9D627B9AF8500C5C0E9 /* Controller */ = {
			isa = PBXGroup;
			children = (
				1892A9D727B9AFA500C5C0E9 /* AlertMessage.swift */,
			);
			path = Controller;
			sourceTree = "<group>";
		};
		1892A9E127BABA1900C5C0E9 /* AvatarViews */ = {
			isa = PBXGroup;
			children = (
				1892A9E227BABA7100C5C0E9 /* AvatarCollectionViewCell.swift */,
				1892A9E427BAC12B00C5C0E9 /* AvatarViewController.swift */,
			);
			path = AvatarViews;
			sourceTree = "<group>";
		};
		18A3539E27CD605B00B112C3 /* Level1 */ = {
			isa = PBXGroup;
			children = (
				18A3539F27CD607C00B112C3 /* L1M1ViewController.swift */,
				18A353A327CD6B7B00B112C3 /* L1M2ViewController.swift */,
				18C1618E27CD7C8100A0E1A7 /* L1M3ViewController.swift */,
				18C1619027CD7C9E00A0E1A7 /* L1M4ViewController.swift */,
				18C1619227CD7CE300A0E1A7 /* L1M5ViewController.swift */,
			);
			path = Level1;
			sourceTree = "<group>";
		};
		18F73FAE27BAE7D600520F17 /* HomeScreenViews */ = {
			isa = PBXGroup;
			children = (
				1892A9BB27B7F0CC00C5C0E9 /* HomeViewController.swift */,
				18F73FAF27BAE82600520F17 /* ModuleGuideCollectionViewCell.swift */,
			);
			path = HomeScreenViews;
			sourceTree = "<group>";
		};
		18F73FB527BC6B6E00520F17 /* LogRecordsView */ = {
			isa = PBXGroup;
			children = (
				1892A9BF27B7F1AB00C5C0E9 /* LogViewController.swift */,
				18F73FCA27BD7C1700520F17 /* ReactionsCollectionViewCell.swift */,
				18F73FC827BD7BC600520F17 /* MoodsCollectionViewCell.swift */,
				18F73FC627BD7B5F00520F17 /* PlacesCollectionViewCell.swift */,
				18F73FC227BD7AEC00520F17 /* TreatsCollectionViewCell.swift */,
				18F73FC027BD7ABB00520F17 /* SnackCollectionViewCell.swift */,
				18F73FBE27BD7A3F00520F17 /* LunchCollectionViewCell.swift */,
				18F73FC427BD7B2200520F17 /* DrinksCollectionViewCell.swift */,
				18F73FBA27BC703B00520F17 /* LogCollectionViewCell.swift */,
				18F73FBC27BC7FBC00520F17 /* BreakfastCollectionViewCell.swift */,
			);
			path = LogRecordsView;
			sourceTree = "<group>";
		};
		66EF32A6C405D943A45C3DDB /* Pods */ = {
			isa = PBXGroup;
			children = (
				C0B9481E3FBCF17787F7BB89 /* Pods-Eddie 1.3.debug.xcconfig */,
				23DC295332CB72EC10252FBD /* Pods-Eddie 1.3.release.xcconfig */,
			);
			path = Pods;
			sourceTree = "<group>";
		};
		A323F9B612D3980BF785975B /* Frameworks */ = {
			isa = PBXGroup;
			children = (
				07BCA2922AC513AC35E85104 /* Pods_Eddie_1_3.framework */,
			);
			name = Frameworks;
			sourceTree = "<group>";
		};
/* End PBXGroup section */

/* Begin PBXNativeTarget section */
		1892A99C27B7DC7100C5C0E9 /* Eddie 1.3 */ = {
			isa = PBXNativeTarget;
			buildConfigurationList = 1892A9B127B7DC7400C5C0E9 /* Build configuration list for PBXNativeTarget "Eddie 1.3" */;
			buildPhases = (
				2D8986545AE01E4DF55A7183 /* [CP] Check Pods Manifest.lock */,
				1892A99927B7DC7100C5C0E9 /* Sources */,
				1892A99A27B7DC7100C5C0E9 /* Frameworks */,
				1892A99B27B7DC7100C5C0E9 /* Resources */,
				7A6396B35CB939EF96EC6652 /* [CP] Embed Pods Frameworks */,
			);
			buildRules = (
			);
			dependencies = (
			);
			name = "Eddie 1.3";
			productName = "Eddie 1.3";
			productReference = 1892A99D27B7DC7100C5C0E9 /* Eddie 1.3.app */;
			productType = "com.apple.product-type.application";
		};
/* End PBXNativeTarget section */

/* Begin PBXProject section */
		1892A99527B7DC7100C5C0E9 /* Project object */ = {
			isa = PBXProject;
			attributes = {
				BuildIndependentTargetsInParallel = 1;
				LastSwiftUpdateCheck = 1320;
				LastUpgradeCheck = 1320;
				TargetAttributes = {
					1892A99C27B7DC7100C5C0E9 = {
						CreatedOnToolsVersion = 13.2;
					};
				};
			};
			buildConfigurationList = 1892A99827B7DC7100C5C0E9 /* Build configuration list for PBXProject "Eddie 1.3" */;
			compatibilityVersion = "Xcode 13.0";
			developmentRegion = en;
			hasScannedForEncodings = 0;
			knownRegions = (
				en,
				Base,
			);
			mainGroup = 1892A99427B7DC7100C5C0E9;
			productRefGroup = 1892A99E27B7DC7100C5C0E9 /* Products */;
			projectDirPath = "";
			projectRoot = "";
			targets = (
				1892A99C27B7DC7100C5C0E9 /* Eddie 1.3 */,
			);
		};
/* End PBXProject section */

/* Begin PBXResourcesBuildPhase section */
		1892A99B27B7DC7100C5C0E9 /* Resources */ = {
			isa = PBXResourcesBuildPhase;
			buildActionMask = 2147483647;
			files = (
				1892A9AD27B7DC7400C5C0E9 /* LaunchScreen.storyboard in Resources */,
				188C60C927C2C75000A9B5FA /* GoogleService-Info.plist in Resources */,
				1892A9AA27B7DC7400C5C0E9 /* Assets.xcassets in Resources */,
				1892A9A827B7DC7100C5C0E9 /* Main.storyboard in Resources */,
			);
			runOnlyForDeploymentPostprocessing = 0;
		};
/* End PBXResourcesBuildPhase section */

/* Begin PBXShellScriptBuildPhase section */
		2D8986545AE01E4DF55A7183 /* [CP] Check Pods Manifest.lock */ = {
			isa = PBXShellScriptBuildPhase;
			buildActionMask = 2147483647;
			files = (
			);
			inputFileListPaths = (
			);
			inputPaths = (
				"${PODS_PODFILE_DIR_PATH}/Podfile.lock",
				"${PODS_ROOT}/Manifest.lock",
			);
			name = "[CP] Check Pods Manifest.lock";
			outputFileListPaths = (
			);
			outputPaths = (
				"$(DERIVED_FILE_DIR)/Pods-Eddie 1.3-checkManifestLockResult.txt",
			);
			runOnlyForDeploymentPostprocessing = 0;
			shellPath = /bin/sh;
			shellScript = "diff \"${PODS_PODFILE_DIR_PATH}/Podfile.lock\" \"${PODS_ROOT}/Manifest.lock\" > /dev/null\nif [ $? != 0 ] ; then\n    # print error to STDERR\n    echo \"error: The sandbox is not in sync with the Podfile.lock. Run 'pod install' or update your CocoaPods installation.\" >&2\n    exit 1\nfi\n# This output is used by Xcode 'outputs' to avoid re-running this script phase.\necho \"SUCCESS\" > \"${SCRIPT_OUTPUT_FILE_0}\"\n";
			showEnvVarsInLog = 0;
		};
		7A6396B35CB939EF96EC6652 /* [CP] Embed Pods Frameworks */ = {
			isa = PBXShellScriptBuildPhase;
			buildActionMask = 2147483647;
			files = (
			);
			inputFileListPaths = (
				"${PODS_ROOT}/Target Support Files/Pods-Eddie 1.3/Pods-Eddie 1.3-frameworks-${CONFIGURATION}-input-files.xcfilelist",
			);
			name = "[CP] Embed Pods Frameworks";
			outputFileListPaths = (
				"${PODS_ROOT}/Target Support Files/Pods-Eddie 1.3/Pods-Eddie 1.3-frameworks-${CONFIGURATION}-output-files.xcfilelist",
			);
			runOnlyForDeploymentPostprocessing = 0;
			shellPath = /bin/sh;
			shellScript = "\"${PODS_ROOT}/Target Support Files/Pods-Eddie 1.3/Pods-Eddie 1.3-frameworks.sh\"\n";
			showEnvVarsInLog = 0;
		};
/* End PBXShellScriptBuildPhase section */

/* Begin PBXSourcesBuildPhase section */
		1892A99927B7DC7100C5C0E9 /* Sources */ = {
			isa = PBXSourcesBuildPhase;
			buildActionMask = 2147483647;
			files = (
				1892A9D327B97A5300C5C0E9 /* SettingTableViewCell.swift in Sources */,
				18F73FCB27BD7C1700520F17 /* ReactionsCollectionViewCell.swift in Sources */,
				18F73FC927BD7BC600520F17 /* MoodsCollectionViewCell.swift in Sources */,
				1892A9C427B7F22A00C5C0E9 /* AwardsViewController.swift in Sources */,
				18F73FB227BAEAF500520F17 /* homeModuleGuide.swift in Sources */,
				1892A9D827B9AFA500C5C0E9 /* AlertMessage.swift in Sources */,
				18A353A427CD6B7B00B112C3 /* L1M2ViewController.swift in Sources */,
				1892A9B827B7EF6C00C5C0E9 /* CalendarViewController.swift in Sources */,
				18F73FC527BD7B2200520F17 /* DrinksCollectionViewCell.swift in Sources */,
				1892A9E027BAB23C00C5C0E9 /* RemindersViewController.swift in Sources */,
				1892A9E327BABA7100C5C0E9 /* AvatarCollectionViewCell.swift in Sources */,
				18F73FB727BC6CBB00520F17 /* foodCollections.swift in Sources */,
				1892A9A527B7DC7100C5C0E9 /* ViewController.swift in Sources */,
				1892A9C927B8400900C5C0E9 /* award.swift in Sources */,
				18F73FBB27BC703B00520F17 /* LogCollectionViewCell.swift in Sources */,
				1892A9BE27B7F10500C5C0E9 /* MotivationViewController.swift in Sources */,
				1892A9C027B7F1AB00C5C0E9 /* LogViewController.swift in Sources */,
				18C1619327CD7CE300A0E1A7 /* L1M5ViewController.swift in Sources */,
				1892A9A127B7DC7100C5C0E9 /* AppDelegate.swift in Sources */,
				18F73FC327BD7AEC00520F17 /* TreatsCollectionViewCell.swift in Sources */,
				18A3539927CA995E00B112C3 /* User.swift in Sources */,
				1892A9E527BAC12B00C5C0E9 /* AvatarViewController.swift in Sources */,
				188C60CB27C3C51F00A9B5FA /* DatabaseManager.swift in Sources */,
				18F73FC127BD7ABB00520F17 /* SnackCollectionViewCell.swift in Sources */,
				1892A9BA27B7EF8800C5C0E9 /* NotificationsViewController.swift in Sources */,
				1892A9DA27BA922B00C5C0E9 /* AccountSettingViewController.swift in Sources */,
				1892A9B627B7EF2100C5C0E9 /* ProfileSettingsViewController.swift in Sources */,
				1892A9BC27B7F0CC00C5C0E9 /* HomeViewController.swift in Sources */,
				18F73FBF27BD7A3F00520F17 /* LunchCollectionViewCell.swift in Sources */,
				1892A9A327B7DC7100C5C0E9 /* SceneDelegate.swift in Sources */,
				188C60BF27BFE39D00A9B5FA /* RecordsTableViewCell.swift in Sources */,
				18C1618F27CD7C8100A0E1A7 /* L1M3ViewController.swift in Sources */,
				18A353A027CD607C00B112C3 /* L1M1ViewController.swift in Sources */,
				18F73FBD27BC7FBC00520F17 /* BreakfastCollectionViewCell.swift in Sources */,
				1892A9C627B83CD900C5C0E9 /* AwardCollectionViewCell.swift in Sources */,
				188C60C327C017C300A9B5FA /* TestTableViewCell.swift in Sources */,
				1892A9CC27B92E9B00C5C0E9 /* notification.swift in Sources */,
				1892A9C227B7F20800C5C0E9 /* RecordsViewController.swift in Sources */,
				1892A9DE27BAB1C000C5C0E9 /* PdfViewController.swift in Sources */,
				18F73FC727BD7B5F00520F17 /* PlacesCollectionViewCell.swift in Sources */,
				188C60C127BFE63E00A9B5FA /* record.swift in Sources */,
				18C1619127CD7C9E00A0E1A7 /* L1M4ViewController.swift in Sources */,
				18F73FB027BAE82600520F17 /* ModuleGuideCollectionViewCell.swift in Sources */,
			);
			runOnlyForDeploymentPostprocessing = 0;
		};
/* End PBXSourcesBuildPhase section */

/* Begin PBXVariantGroup section */
		1892A9A627B7DC7100C5C0E9 /* Main.storyboard */ = {
			isa = PBXVariantGroup;
			children = (
				1892A9A727B7DC7100C5C0E9 /* Base */,
			);
			name = Main.storyboard;
			sourceTree = "<group>";
		};
		1892A9AB27B7DC7400C5C0E9 /* LaunchScreen.storyboard */ = {
			isa = PBXVariantGroup;
			children = (
				1892A9AC27B7DC7400C5C0E9 /* Base */,
			);
			name = LaunchScreen.storyboard;
			sourceTree = "<group>";
		};
/* End PBXVariantGroup section */

/* Begin XCBuildConfiguration section */
		1892A9AF27B7DC7400C5C0E9 /* Debug */ = {
			isa = XCBuildConfiguration;
			buildSettings = {
				ALWAYS_SEARCH_USER_PATHS = NO;
				CLANG_ANALYZER_NONNULL = YES;
				CLANG_ANALYZER_NUMBER_OBJECT_CONVERSION = YES_AGGRESSIVE;
				CLANG_CXX_LANGUAGE_STANDARD = "gnu++17";
				CLANG_CXX_LIBRARY = "libc++";
				CLANG_ENABLE_MODULES = YES;
				CLANG_ENABLE_OBJC_ARC = YES;
				CLANG_ENABLE_OBJC_WEAK = YES;
				CLANG_WARN_BLOCK_CAPTURE_AUTORELEASING = YES;
				CLANG_WARN_BOOL_CONVERSION = YES;
				CLANG_WARN_COMMA = YES;
				CLANG_WARN_CONSTANT_CONVERSION = YES;
				CLANG_WARN_DEPRECATED_OBJC_IMPLEMENTATIONS = YES;
				CLANG_WARN_DIRECT_OBJC_ISA_USAGE = YES_ERROR;
				CLANG_WARN_DOCUMENTATION_COMMENTS = YES;
				CLANG_WARN_EMPTY_BODY = YES;
				CLANG_WARN_ENUM_CONVERSION = YES;
				CLANG_WARN_INFINITE_RECURSION = YES;
				CLANG_WARN_INT_CONVERSION = YES;
				CLANG_WARN_NON_LITERAL_NULL_CONVERSION = YES;
				CLANG_WARN_OBJC_IMPLICIT_RETAIN_SELF = YES;
				CLANG_WARN_OBJC_LITERAL_CONVERSION = YES;
				CLANG_WARN_OBJC_ROOT_CLASS = YES_ERROR;
				CLANG_WARN_QUOTED_INCLUDE_IN_FRAMEWORK_HEADER = YES;
				CLANG_WARN_RANGE_LOOP_ANALYSIS = YES;
				CLANG_WARN_STRICT_PROTOTYPES = YES;
				CLANG_WARN_SUSPICIOUS_MOVE = YES;
				CLANG_WARN_UNGUARDED_AVAILABILITY = YES_AGGRESSIVE;
				CLANG_WARN_UNREACHABLE_CODE = YES;
				CLANG_WARN__DUPLICATE_METHOD_MATCH = YES;
				COPY_PHASE_STRIP = NO;
				DEBUG_INFORMATION_FORMAT = dwarf;
				ENABLE_STRICT_OBJC_MSGSEND = YES;
				ENABLE_TESTABILITY = YES;
				GCC_C_LANGUAGE_STANDARD = gnu11;
				GCC_DYNAMIC_NO_PIC = NO;
				GCC_NO_COMMON_BLOCKS = YES;
				GCC_OPTIMIZATION_LEVEL = 0;
				GCC_PREPROCESSOR_DEFINITIONS = (
					"DEBUG=1",
					"$(inherited)",
				);
				GCC_WARN_64_TO_32_BIT_CONVERSION = YES;
				GCC_WARN_ABOUT_RETURN_TYPE = YES_ERROR;
				GCC_WARN_UNDECLARED_SELECTOR = YES;
				GCC_WARN_UNINITIALIZED_AUTOS = YES_AGGRESSIVE;
				GCC_WARN_UNUSED_FUNCTION = YES;
				GCC_WARN_UNUSED_VARIABLE = YES;
				IPHONEOS_DEPLOYMENT_TARGET = 15.2;
				MTL_ENABLE_DEBUG_INFO = INCLUDE_SOURCE;
				MTL_FAST_MATH = YES;
				ONLY_ACTIVE_ARCH = YES;
				SDKROOT = iphoneos;
				SWIFT_ACTIVE_COMPILATION_CONDITIONS = DEBUG;
				SWIFT_OPTIMIZATION_LEVEL = "-Onone";
			};
			name = Debug;
		};
		1892A9B027B7DC7400C5C0E9 /* Release */ = {
			isa = XCBuildConfiguration;
			buildSettings = {
				ALWAYS_SEARCH_USER_PATHS = NO;
				CLANG_ANALYZER_NONNULL = YES;
				CLANG_ANALYZER_NUMBER_OBJECT_CONVERSION = YES_AGGRESSIVE;
				CLANG_CXX_LANGUAGE_STANDARD = "gnu++17";
				CLANG_CXX_LIBRARY = "libc++";
				CLANG_ENABLE_MODULES = YES;
				CLANG_ENABLE_OBJC_ARC = YES;
				CLANG_ENABLE_OBJC_WEAK = YES;
				CLANG_WARN_BLOCK_CAPTURE_AUTORELEASING = YES;
				CLANG_WARN_BOOL_CONVERSION = YES;
				CLANG_WARN_COMMA = YES;
				CLANG_WARN_CONSTANT_CONVERSION = YES;
				CLANG_WARN_DEPRECATED_OBJC_IMPLEMENTATIONS = YES;
				CLANG_WARN_DIRECT_OBJC_ISA_USAGE = YES_ERROR;
				CLANG_WARN_DOCUMENTATION_COMMENTS = YES;
				CLANG_WARN_EMPTY_BODY = YES;
				CLANG_WARN_ENUM_CONVERSION = YES;
				CLANG_WARN_INFINITE_RECURSION = YES;
				CLANG_WARN_INT_CONVERSION = YES;
				CLANG_WARN_NON_LITERAL_NULL_CONVERSION = YES;
				CLANG_WARN_OBJC_IMPLICIT_RETAIN_SELF = YES;
				CLANG_WARN_OBJC_LITERAL_CONVERSION = YES;
				CLANG_WARN_OBJC_ROOT_CLASS = YES_ERROR;
				CLANG_WARN_QUOTED_INCLUDE_IN_FRAMEWORK_HEADER = YES;
				CLANG_WARN_RANGE_LOOP_ANALYSIS = YES;
				CLANG_WARN_STRICT_PROTOTYPES = YES;
				CLANG_WARN_SUSPICIOUS_MOVE = YES;
				CLANG_WARN_UNGUARDED_AVAILABILITY = YES_AGGRESSIVE;
				CLANG_WARN_UNREACHABLE_CODE = YES;
				CLANG_WARN__DUPLICATE_METHOD_MATCH = YES;
				COPY_PHASE_STRIP = NO;
				DEBUG_INFORMATION_FORMAT = "dwarf-with-dsym";
				ENABLE_NS_ASSERTIONS = NO;
				ENABLE_STRICT_OBJC_MSGSEND = YES;
				GCC_C_LANGUAGE_STANDARD = gnu11;
				GCC_NO_COMMON_BLOCKS = YES;
				GCC_WARN_64_TO_32_BIT_CONVERSION = YES;
				GCC_WARN_ABOUT_RETURN_TYPE = YES_ERROR;
				GCC_WARN_UNDECLARED_SELECTOR = YES;
				GCC_WARN_UNINITIALIZED_AUTOS = YES_AGGRESSIVE;
				GCC_WARN_UNUSED_FUNCTION = YES;
				GCC_WARN_UNUSED_VARIABLE = YES;
				IPHONEOS_DEPLOYMENT_TARGET = 15.2;
				MTL_ENABLE_DEBUG_INFO = NO;
				MTL_FAST_MATH = YES;
				SDKROOT = iphoneos;
				SWIFT_COMPILATION_MODE = wholemodule;
				SWIFT_OPTIMIZATION_LEVEL = "-O";
				VALIDATE_PRODUCT = YES;
			};
			name = Release;
		};
		1892A9B227B7DC7400C5C0E9 /* Debug */ = {
			isa = XCBuildConfiguration;
			baseConfigurationReference = C0B9481E3FBCF17787F7BB89 /* Pods-Eddie 1.3.debug.xcconfig */;
			buildSettings = {
				ASSETCATALOG_COMPILER_APPICON_NAME = AppIcon;
				ASSETCATALOG_COMPILER_GLOBAL_ACCENT_COLOR_NAME = AccentColor;
				CODE_SIGN_STYLE = Automatic;
				CURRENT_PROJECT_VERSION = 1;
				DEVELOPMENT_TEAM = 4MBWTAY9K2;
				GENERATE_INFOPLIST_FILE = YES;
				INFOPLIST_FILE = "Eddie 1.3/Info.plist";
				INFOPLIST_KEY_UIApplicationSupportsIndirectInputEvents = YES;
				INFOPLIST_KEY_UILaunchStoryboardName = LaunchScreen;
				INFOPLIST_KEY_UIMainStoryboardFile = Main;
				INFOPLIST_KEY_UISupportedInterfaceOrientations = UIInterfaceOrientationPortrait;
				INFOPLIST_KEY_UISupportedInterfaceOrientations_iPad = "UIInterfaceOrientationPortrait UIInterfaceOrientationPortraitUpsideDown UIInterfaceOrientationLandscapeLeft UIInterfaceOrientationLandscapeRight";
				INFOPLIST_KEY_UISupportedInterfaceOrientations_iPhone = "UIInterfaceOrientationPortrait UIInterfaceOrientationLandscapeLeft UIInterfaceOrientationLandscapeRight";
				LD_RUNPATH_SEARCH_PATHS = (
					"$(inherited)",
					"@executable_path/Frameworks",
				);
				MARKETING_VERSION = 1.0;
				PRODUCT_BUNDLE_IDENTIFIER = "dev.lucieweb.Eddie-1-3";
				PRODUCT_NAME = "$(TARGET_NAME)";
				SWIFT_EMIT_LOC_STRINGS = YES;
				SWIFT_VERSION = 5.0;
				TARGETED_DEVICE_FAMILY = "1,2";
			};
			name = Debug;
		};
		1892A9B327B7DC7400C5C0E9 /* Release */ = {
			isa = XCBuildConfiguration;
			baseConfigurationReference = 23DC295332CB72EC10252FBD /* Pods-Eddie 1.3.release.xcconfig */;
			buildSettings = {
				ASSETCATALOG_COMPILER_APPICON_NAME = AppIcon;
				ASSETCATALOG_COMPILER_GLOBAL_ACCENT_COLOR_NAME = AccentColor;
				CODE_SIGN_STYLE = Automatic;
				CURRENT_PROJECT_VERSION = 1;
				DEVELOPMENT_TEAM = 4MBWTAY9K2;
				GENERATE_INFOPLIST_FILE = YES;
				INFOPLIST_FILE = "Eddie 1.3/Info.plist";
				INFOPLIST_KEY_UIApplicationSupportsIndirectInputEvents = YES;
				INFOPLIST_KEY_UILaunchStoryboardName = LaunchScreen;
				INFOPLIST_KEY_UIMainStoryboardFile = Main;
				INFOPLIST_KEY_UISupportedInterfaceOrientations = UIInterfaceOrientationPortrait;
				INFOPLIST_KEY_UISupportedInterfaceOrientations_iPad = "UIInterfaceOrientationPortrait UIInterfaceOrientationPortraitUpsideDown UIInterfaceOrientationLandscapeLeft UIInterfaceOrientationLandscapeRight";
				INFOPLIST_KEY_UISupportedInterfaceOrientations_iPhone = "UIInterfaceOrientationPortrait UIInterfaceOrientationLandscapeLeft UIInterfaceOrientationLandscapeRight";
				LD_RUNPATH_SEARCH_PATHS = (
					"$(inherited)",
					"@executable_path/Frameworks",
				);
				MARKETING_VERSION = 1.0;
				PRODUCT_BUNDLE_IDENTIFIER = "dev.lucieweb.Eddie-1-3";
				PRODUCT_NAME = "$(TARGET_NAME)";
				SWIFT_EMIT_LOC_STRINGS = YES;
				SWIFT_VERSION = 5.0;
				TARGETED_DEVICE_FAMILY = "1,2";
			};
			name = Release;
		};
/* End XCBuildConfiguration section */

/* Begin XCConfigurationList section */
		1892A99827B7DC7100C5C0E9 /* Build configuration list for PBXProject "Eddie 1.3" */ = {
			isa = XCConfigurationList;
			buildConfigurations = (
				1892A9AF27B7DC7400C5C0E9 /* Debug */,
				1892A9B027B7DC7400C5C0E9 /* Release */,
			);
			defaultConfigurationIsVisible = 0;
			defaultConfigurationName = Release;
		};
		1892A9B127B7DC7400C5C0E9 /* Build configuration list for PBXNativeTarget "Eddie 1.3" */ = {
			isa = XCConfigurationList;
			buildConfigurations = (
				1892A9B227B7DC7400C5C0E9 /* Debug */,
				1892A9B327B7DC7400C5C0E9 /* Release */,
			);
			defaultConfigurationIsVisible = 0;
			defaultConfigurationName = Release;
		};
/* End XCConfigurationList section */
	};
	rootObject = 1892A99527B7DC7100C5C0E9 /* Project object */;
}
